
Microsoft Visual Studio Solution File, Format Version 12.00
# Visual Studio Version 16
VisualStudioVersion = 16.0.31410.357
MinimumVisualStudioVersion = 10.0.40219.1
Project("{FAE04EC0-301F-11D3-BF4B-00C04F79EFBC}") = "ShapesXML", "ShapesXML\ShapesXML.csproj", "{1B850CF5-3897-4714-813E-45E0AF9A53B4}"
EndProject
Global
	GlobalSection(SolutionConfigurationPlatforms) = preSolution
		Debug|Any CPU = Debug|Any CPU
		Release|Any CPU = Release|Any CPU
	EndGlobalSection
	GlobalSection(ProjectConfigurationPlatforms) = postSolution
		{1B850CF5-3897-4714-813E-45E0AF9A53B4}.Debug|Any CPU.ActiveCfg = Debug|Any CPU
		{1B850CF5-3897-4714-813E-45E0AF9A53B4}.Debug|Any CPU.Build.0 = Debug|Any CPU
		{1B850CF5-3897-4714-813E-45E0AF9A53B4}.Release|Any CPU.ActiveCfg = Release|Any CPU
		{1B850CF5-3897-4714-813E-45E0AF9A53B4}.Release|Any CPU.Build.0 = Release|Any CPU
	EndGlobalSection
	GlobalSection(SolutionProperties) = preSolution
		HideSolutionNode = FALSE
	EndGlobalSection
	GlobalSection(ExtensibilityGlobals) = postSolution
		SolutionGuid = {42F8895A-46FE-4FAD-AB20-A95F2296DF3B}
	EndGlobalSection
EndGlobal
